
Microsoft Visual Studio Solution File, Format Version 12.00
# Visual Studio Version 16
VisualStudioVersion = 16.0.31205.134
MinimumVisualStudioVersion = 10.0.40219.1
Project("{FAE04EC0-301F-11D3-BF4B-00C04F79EFBC}") = "2022_Level2_Dodge_1", "2022_Level2_Dodge_1.csproj", "{B4DC1B00-1430-4F5A-9981-532FD44F9903}"
EndProject
Global
	GlobalSection(SolutionConfigurationPlatforms) = preSolution
		Debug|Any CPU = Debug|Any CPU
		Release|Any CPU = Release|Any CPU
	EndGlobalSection
	GlobalSection(ProjectConfigurationPlatforms) = postSolution
		{B4DC1B00-1430-4F5A-9981-532FD44F9903}.Debug|Any CPU.ActiveCfg = Debug|Any CPU
		{B4DC1B00-1430-4F5A-9981-532FD44F9903}.Debug|Any CPU.Build.0 = Debug|Any CPU
		{B4DC1B00-1430-4F5A-9981-532FD44F9903}.Release|Any CPU.ActiveCfg = Release|Any CPU
		{B4DC1B00-1430-4F5A-9981-532FD44F9903}.Release|Any CPU.Build.0 = Release|Any CPU
	EndGlobalSection
	GlobalSection(SolutionProperties) = preSolution
		HideSolutionNode = FALSE
	EndGlobalSection
	GlobalSection(ExtensibilityGlobals) = postSolution
		SolutionGuid = {353E90B0-161C-4E0E-862D-CEF1232B2344}
	EndGlobalSection
EndGlobal
